// !$*UTF8*$!
{
	archiveVersion = 1;
	classes = {
	};
	objectVersion = 46;
	objects = {

/* Begin PBXBuildFile section */
		E496F06D163C515100571131 /* UIKit.framework in Frameworks */ = {isa = PBXBuildFile; fileRef = E496F06C163C515100571131 /* UIKit.framework */; };
		E496F06F163C515100571131 /* Foundation.framework in Frameworks */ = {isa = PBXBuildFile; fileRef = E496F06E163C515100571131 /* Foundation.framework */; };
		E496F071163C515100571131 /* CoreGraphics.framework in Frameworks */ = {isa = PBXBuildFile; fileRef = E496F070163C515100571131 /* CoreGraphics.framework */; };
		E496F077163C515100571131 /* InfoPlist.strings in Resources */ = {isa = PBXBuildFile; fileRef = E496F075163C515100571131 /* InfoPlist.strings */; };
		E496F079163C515100571131 /* main.m in Sources */ = {isa = PBXBuildFile; fileRef = E496F078163C515100571131 /* main.m */; };
		E496F07D163C515100571131 /* HelloWorldAppDelegate.m in Sources */ = {isa = PBXBuildFile; fileRef = E496F07C163C515100571131 /* HelloWorldAppDelegate.m */; };
		E496F07F163C515100571131 /* Default.png in Resources */ = {isa = PBXBuildFile; fileRef = E496F07E163C515100571131 /* Default.png */; };
		E496F081163C515100571131 /* Default@2x.png in Resources */ = {isa = PBXBuildFile; fileRef = E496F080163C515100571131 /* Default@2x.png */; };
		E496F083163C515100571131 /* Default-568h@2x.png in Resources */ = {isa = PBXBuildFile; fileRef = E496F082163C515100571131 /* Default-568h@2x.png */; };
		E496F086163C515100571131 /* MainStoryboard.storyboard in Resources */ = {isa = PBXBuildFile; fileRef = E496F084163C515100571131 /* MainStoryboard.storyboard */; };
		E496F089163C515100571131 /* HelloWorldViewController.m in Sources */ = {isa = PBXBuildFile; fileRef = E496F088163C515100571131 /* HelloWorldViewController.m */; };
/* End PBXBuildFile section */

/* Begin PBXFileReference section */
		E496F068163C515100571131 /* HelloWorld.app */ = {isa = PBXFileReference; explicitFileType = wrapper.application; includeInIndex = 0; path = HelloWorld.app; sourceTree = BUILT_PRODUCTS_DIR; };
		E496F06C163C515100571131 /* UIKit.framework */ = {isa = PBXFileReference; lastKnownFileType = wrapper.framework; name = UIKit.framework; path = System/Library/Frameworks/UIKit.framework; sourceTree = SDKROOT; };
		E496F06E163C515100571131 /* Foundation.framework */ = {isa = PBXFileReference; lastKnownFileType = wrapper.framework; name = Foundation.framework; path = System/Library/Frameworks/Foundation.framework; sourceTree = SDKROOT; };
		E496F070163C515100571131 /* CoreGraphics.framework */ = {isa = PBXFileReference; lastKnownFileType = wrapper.framework; name = CoreGraphics.framework; path = System/Library/Frameworks/CoreGraphics.framework; sourceTree = SDKROOT; };
		E496F074163C515100571131 /* HelloWorld-Info.plist */ = {isa = PBXFileReference; lastKnownFileType = text.plist.xml; path = "HelloWorld-Info.plist"; sourceTree = "<group>"; };
		E496F076163C515100571131 /* en */ = {isa = PBXFileReference; lastKnownFileType = text.plist.strings; name = en; path = en.lproj/InfoPlist.strings; sourceTree = "<group>"; };
		E496F078163C515100571131 /* main.m */ = {isa = PBXFileReference; lastKnownFileType = sourcecode.c.objc; path = main.m; sourceTree = "<group>"; };
		E496F07A163C515100571131 /* HelloWorld-Prefix.pch */ = {isa = PBXFileReference; lastKnownFileType = sourcecode.c.h; path = "HelloWorld-Prefix.pch"; sourceTree = "<group>"; };
		E496F07B163C515100571131 /* HelloWorldAppDelegate.h */ = {isa = PBXFileReference; lastKnownFileType = sourcecode.c.h; path = HelloWorldAppDelegate.h; sourceTree = "<group>"; };
		E496F07C163C515100571131 /* HelloWorldAppDelegate.m */ = {isa = PBXFileReference; lastKnownFileType = sourcecode.c.objc; path = HelloWorldAppDelegate.m; sourceTree = "<group>"; };
		E496F07E163C515100571131 /* Default.png */ = {isa = PBXFileReference; lastKnownFileType = image.png; path = Default.png; sourceTree = "<group>"; };
		E496F080163C515100571131 /* Default@2x.png */ = {isa = PBXFileReference; lastKnownFileType = image.png; path = "Default@2x.png"; sourceTree = "<group>"; };
		E496F082163C515100571131 /* Default-568h@2x.png */ = {isa = PBXFileReference; lastKnownFileType = image.png; path = "Default-568h@2x.png"; sourceTree = "<group>"; };
		E496F085163C515100571131 /* en */ = {isa = PBXFileReference; lastKnownFileType = file.storyboard; name = en; path = en.lproj/MainStoryboard.storyboard; sourceTree = "<group>"; };
		E496F087163C515100571131 /* HelloWorldViewController.h */ = {isa = PBXFileReference; lastKnownFileType = sourcecode.c.h; path = HelloWorldViewController.h; sourceTree = "<group>"; };
		E496F088163C515100571131 /* HelloWorldViewController.m */ = {isa = PBXFileReference; lastKnownFileType = sourcecode.c.objc; path = HelloWorldViewController.m; sourceTree = "<group>"; };
/* End PBXFileReference section */

/* Begin PBXFrameworksBuildPhase section */
		E496F065163C515100571131 /* Frameworks */ = {
			isa = PBXFrameworksBuildPhase;
			buildActionMask = 2147483647;
			files = (
				E496F06D163C515100571131 /* UIKit.framework in Frameworks */,
				E496F06F163C515100571131 /* Foundation.framework in Frameworks */,
				E496F071163C515100571131 /* CoreGraphics.framework in Frameworks */,
			);
			runOnlyForDeploymentPostprocessing = 0;
		};
/* End PBXFrameworksBuildPhase section */

/* Begin PBXGroup section */
		E496F05D163C515100571131 = {
			isa = PBXGroup;
			children = (
				E496F072163C515100571131 /* HelloWorld */,
				E496F069163C515100571131 /* Products */,
			);
			sourceTree = "<group>";
		};
		E496F069163C515100571131 /* Products */ = {
			isa = PBXGroup;
			children = (
				E496F068163C515100571131 /* HelloWorld.app */,
			);
			name = Products;
			sourceTree = "<group>";
		};
		E496F06B163C515100571131 /* Frameworks */ = {
			isa = PBXGroup;
			children = (
				E496F06C163C515100571131 /* UIKit.framework */,
				E496F06E163C515100571131 /* Foundation.framework */,
				E496F070163C515100571131 /* CoreGraphics.framework */,
			);
			name = Frameworks;
			path = ..;
			sourceTree = "<group>";
		};
		E496F072163C515100571131 /* HelloWorld */ = {
			isa = PBXGroup;
			children = (
				E496F07B163C515100571131 /* HelloWorldAppDelegate.h */,
				E496F07C163C515100571131 /* HelloWorldAppDelegate.m */,
				E496F084163C515100571131 /* MainStoryboard.storyboard */,
				E496F087163C515100571131 /* HelloWorldViewController.h */,
				E496F088163C515100571131 /* HelloWorldViewController.m */,
				E496F06B163C515100571131 /* Frameworks */,
				E496F073163C515100571131 /* Supporting Files */,
			);
			path = HelloWorld;
			sourceTree = "<group>";
		};
		E496F073163C515100571131 /* Supporting Files */ = {
			isa = PBXGroup;
			children = (
				E496F074163C515100571131 /* HelloWorld-Info.plist */,
				E496F075163C515100571131 /* InfoPlist.strings */,
				E496F078163C515100571131 /* main.m */,
				E496F07A163C515100571131 /* HelloWorld-Prefix.pch */,
				E496F07E163C515100571131 /* Default.png */,
				E496F080163C515100571131 /* Default@2x.png */,
				E496F082163C515100571131 /* Default-568h@2x.png */,
			);
			name = "Supporting Files";
			sourceTree = "<group>";
		};
/* End PBXGroup section */

/* Begin PBXNativeTarget section */
		E496F067163C515100571131 /* HelloWorld */ = {
			isa = PBXNativeTarget;
			buildConfigurationList = E496F08C163C515100571131 /* Build configuration list for PBXNativeTarget "HelloWorld" */;
			buildPhases = (
				E496F064163C515100571131 /* Sources */,
				E496F065163C515100571131 /* Frameworks */,
				E496F066163C515100571131 /* Resources */,
			);
			buildRules = (
			);
			dependencies = (
			);
			name = HelloWorld;
			productName = HelloWorld;
			productReference = E496F068163C515100571131 /* HelloWorld.app */;
			productType = "com.apple.product-type.application";
		};
/* End PBXNativeTarget section */

/* Begin PBXProject section */
		E496F05F163C515100571131 /* Project object */ = {
			isa = PBXProject;
			attributes = {
				CLASSPREFIX = HelloWorld;
				LastUpgradeCheck = 0450;
				ORGANIZATIONNAME = Sylvain;
			};
			buildConfigurationList = E496F062163C515100571131 /* Build configuration list for PBXProject "HelloWorld" */;
			compatibilityVersion = "Xcode 3.2";
			developmentRegion = English;
			hasScannedForEncodings = 0;
			knownRegions = (
				en,
			);
			mainGroup = E496F05D163C515100571131;
			productRefGroup = E496F069163C515100571131 /* Products */;
			projectDirPath = "";
			projectRoot = "";
			targets = (
				E496F067163C515100571131 /* HelloWorld */,
			);
		};
/* End PBXProject section */

/* Begin PBXResourcesBuildPhase section */
		E496F066163C515100571131 /* Resources */ = {
			isa = PBXResourcesBuildPhase;
			buildActionMask = 2147483647;
			files = (
				E496F077163C515100571131 /* InfoPlist.strings in Resources */,
				E496F07F163C515100571131 /* Default.png in Resources */,
				E496F081163C515100571131 /* Default@2x.png in Resources */,
				E496F083163C515100571131 /* Default-568h@2x.png in Resources */,
				E496F086163C515100571131 /* MainStoryboard.storyboard in Resources */,
			);
			runOnlyForDeploymentPostprocessing = 0;
		};
/* End PBXResourcesBuildPhase section */

/* Begin PBXSourcesBuildPhase section */
		E496F064163C515100571131 /* Sources */ = {
			isa = PBXSourcesBuildPhase;
			buildActionMask = 2147483647;
			files = (
				E496F079163C515100571131 /* main.m in Sources */,
				E496F07D163C515100571131 /* HelloWorldAppDelegate.m in Sources */,
				E496F089163C515100571131 /* HelloWorldViewController.m in Sources */,
			);
			runOnlyForDeploymentPostprocessing = 0;
		};
/* End PBXSourcesBuildPhase section */

/* Begin PBXVariantGroup section */
		E496F075163C515100571131 /* InfoPlist.strings */ = {
			isa = PBXVariantGroup;
			children = (
				E496F076163C515100571131 /* en */,
			);
			name = InfoPlist.strings;
			sourceTree = "<group>";
		};
		E496F084163C515100571131 /* MainStoryboard.storyboard */ = {
			isa = PBXVariantGroup;
			children = (
				E496F085163C515100571131 /* en */,
			);
			name = MainStoryboard.storyboard;
			sourceTree = "<group>";
		};
/* End PBXVariantGroup section */

/* Begin XCBuildConfiguration section */
		E496F08A163C515100571131 /* Debug */ = {
			isa = XCBuildConfiguration;
			buildSettings = {
				ALWAYS_SEARCH_USER_PATHS = NO;
				CLANG_CXX_LANGUAGE_STANDARD = "gnu++0x";
				CLANG_CXX_LIBRARY = "libc++";
				CLANG_ENABLE_OBJC_ARC = YES;
				CLANG_WARN_EMPTY_BODY = YES;
				CLANG_WARN__DUPLICATE_METHOD_MATCH = YES;
				"CODE_SIGN_IDENTITY[sdk=iphoneos*]" = "iPhone Developer";
				COPY_PHASE_STRIP = NO;
				GCC_C_LANGUAGE_STANDARD = gnu99;
				GCC_DYNAMIC_NO_PIC = NO;
				GCC_OPTIMIZATION_LEVEL = 0;
				GCC_PREPROCESSOR_DEFINITIONS = (
					"DEBUG=1",
					"$(inherited)",
				);
				GCC_SYMBOLS_PRIVATE_EXTERN = NO;
				GCC_WARN_ABOUT_RETURN_TYPE = YES;
				GCC_WARN_UNINITIALIZED_AUTOS = YES;
				GCC_WARN_UNUSED_VARIABLE = YES;
				IPHONEOS_DEPLOYMENT_TARGET = 6.0;
				ONLY_ACTIVE_ARCH = YES;
				SDKROOT = iphoneos;
			};
			name = Debug;
		};
		E496F08B163C515100571131 /* Release */ = {
			isa = XCBuildConfiguration;
			buildSettings = {
				ALWAYS_SEARCH_USER_PATHS = NO;
				CLANG_CXX_LANGUAGE_STANDARD = "gnu++0x";
				CLANG_CXX_LIBRARY = "libc++";
				CLANG_ENABLE_OBJC_ARC = YES;
				CLANG_WARN_EMPTY_BODY = YES;
				CLANG_WARN__DUPLICATE_METHOD_MATCH = YES;
				"CODE_SIGN_IDENTITY[sdk=iphoneos*]" = "iPhone Developer";
				COPY_PHASE_STRIP = YES;
				GCC_C_LANGUAGE_STANDARD = gnu99;
				GCC_WARN_ABOUT_RETURN_TYPE = YES;
				GCC_WARN_UNINITIALIZED_AUTOS = YES;
				GCC_WARN_UNUSED_VARIABLE = YES;
				IPHONEOS_DEPLOYMENT_TARGET = 6.0;
				OTHER_CFLAGS = "-DNS_BLOCK_ASSERTIONS=1";
				SDKROOT = iphoneos;
				VALIDATE_PRODUCT = YES;
			};
			name = Release;
		};
		E496F08D163C515100571131 /* Debug */ = {
			isa = XCBuildConfiguration;
			buildSettings = {
				GCC_PRECOMPILE_PREFIX_HEADER = YES;
				GCC_PREFIX_HEADER = "HelloWorld/HelloWorld-Prefix.pch";
				INFOPLIST_FILE = "HelloWorld/HelloWorld-Info.plist";
				PRODUCT_NAME = "$(TARGET_NAME)";
				WRAPPER_EXTENSION = app;
			};
			name = Debug;
		};
		E496F08E163C515100571131 /* Release */ = {
			isa = XCBuildConfiguration;
			buildSettings = {
				GCC_PRECOMPILE_PREFIX_HEADER = YES;
				GCC_PREFIX_HEADER = "HelloWorld/HelloWorld-Prefix.pch";
				INFOPLIST_FILE = "HelloWorld/HelloWorld-Info.plist";
				PRODUCT_NAME = "$(TARGET_NAME)";
				WRAPPER_EXTENSION = app;
			};
			name = Release;
		};
/* End XCBuildConfiguration section */

/* Begin XCConfigurationList section */
		E496F062163C515100571131 /* Build configuration list for PBXProject "HelloWorld" */ = {
			isa = XCConfigurationList;
			buildConfigurations = (
				E496F08A163C515100571131 /* Debug */,
				E496F08B163C515100571131 /* Release */,
			);
			defaultConfigurationIsVisible = 0;
			defaultConfigurationName = Release;
		};
		E496F08C163C515100571131 /* Build configuration list for PBXNativeTarget "HelloWorld" */ = {
			isa = XCConfigurationList;
			buildConfigurations = (
				E496F08D163C515100571131 /* Debug */,
				E496F08E163C515100571131 /* Release */,
			);
			defaultConfigurationIsVisible = 0;
			defaultConfigurationName = Release;
		};
/* End XCConfigurationList section */
	};
	rootObject = E496F05F163C515100571131 /* Project object */;
}
